<Solution>
  <Folder Name="/shared/">
    <Project Path="shared/Bifrost.Shared/Bifrost.Shared.csproj" />
  </Folder>
  <Folder Name="/src/">
    <Project Path="src/Bifrost.Agent/Bifrost.Agent.csproj" />
    <Project Path="src/Bifrost.Dashboard/Bifrost.Dashboard.csproj" />
    <Project Path="src/Bifrost.IngestionApi/Bifrost.IngestionApi.csproj" />
  </Folder>
</Solution>
